
Microsoft Visual Studio Solution File, Format Version 12.00
Project("{2150E333-8FDC-42A3-9474-1A3956D46DE8}") = "Solution Items", "Solution Items", "{D9F3A37F-AFB9-49D5-B078-77C7231C3786}"
	ProjectSection(SolutionItems) = preProject
		NuGet.config = NuGet.config
	EndProjectSection
EndProject
Project("{2150E333-8FDC-42A3-9474-1A3956D46DE8}") = "tests", "tests", "{EF1C48B0-6376-4B61-A54C-6F17A9DD24F1}"
EndProject
Project("{2150E333-8FDC-42A3-9474-1A3956D46DE8}") = "src", "src", "{1586D01A-3A03-4649-BD38-612CE23E578F}"
EndProject
Project("{2150E333-8FDC-42A3-9474-1A3956D46DE8}") = "docker-compose", "docker-compose", "{5947936A-41D0-4334-AAEC-5087F4FC4980}"
	ProjectSection(SolutionItems) = preProject
		docker-compose.yml = docker-compose.yml
		.dockerignore = .dockerignore
	EndProjectSection
EndProject
Project("{2150E333-8FDC-42A3-9474-1A3956D46DE8}") = "Web Apps", "Web Apps", "{87614AEF-1E96-403C-847B-FC09BBA2B99D}"
EndProject
Project("{2150E333-8FDC-42A3-9474-1A3956D46DE8}") = "Services", "Services", "{C4FA3CB7-CA96-409B-B919-9C80409856E5}"
EndProject
Project("{2150E333-8FDC-42A3-9474-1A3956D46DE8}") = "Identity", "Identity", "{083490F1-DEE5-4669-8174-06590DA312DC}"
EndProject
Project("{FAE04EC0-301F-11D3-BF4B-00C04F79EFBC}") = "Identity.Server", "Services\Identity\Identity.Server\Identity.Server.csproj", "{8E66D6F3-B48D-42B6-ADFB-AE89C6DEC4B4}"
EndProject
Project("{2150E333-8FDC-42A3-9474-1A3956D46DE8}") = "WebNextJsClient", "WebNextJsClient", "{71F8B6F9-3AE7-4394-8442-DF158D5FF5EB}"
EndProject
Project("{2150E333-8FDC-42A3-9474-1A3956D46DE8}") = "Basket", "Basket", "{642078DD-62BC-41CB-9A61-7DDF2D038861}"
EndProject
Project("{FAE04EC0-301F-11D3-BF4B-00C04F79EFBC}") = "Basket.API", "Services\Basket\Basket.API\Basket.API.csproj", "{3B7F0997-47FF-498E-A5FE-FC7CEC26E76D}"
EndProject
Project("{FAE04EC0-301F-11D3-BF4B-00C04F79EFBC}") = "Service.Common", "Services\Service.Common\Service.Common.csproj", "{8223C068-45FF-4961-A8B5-4426798C41E5}"
EndProject
Project("{FAE04EC0-301F-11D3-BF4B-00C04F79EFBC}") = "Catalog.API", "Services\Catalog\Catalog.API\Catalog.API.csproj", "{73579D71-1FDA-4218-872C-9EC9D0FE196B}"
EndProject
Project("{2150E333-8FDC-42A3-9474-1A3956D46DE8}") = "Catalog", "Catalog", "{4CA6D901-96C7-4439-868E-D319DE35E665}"
EndProject
Project("{FAE04EC0-301F-11D3-BF4B-00C04F79EFBC}") = "Catalog.Infrastructure", "Services\Catalog\Catalog.Infrastructure\Catalog.Infrastructure.csproj", "{485282EB-CB97-492B-BD96-D4731115EB85}"
EndProject
Project("{FAE04EC0-301F-11D3-BF4B-00C04F79EFBC}") = "Catalog.Core", "Services\Catalog\Catalog.Core\Catalog.Core.csproj", "{9A9C7E01-D41C-4386-8379-7FE470274DC8}"
EndProject
Project("{FAE04EC0-301F-11D3-BF4B-00C04F79EFBC}") = "Catalog.API.Tests.Integration", "Services\Catalog\Catalog.Tests.Integration\Catalog.API.Tests.Integration.csproj", "{7FDB6643-0C13-419A-9F28-93AC1E4E58DA}"
EndProject

Global
	GlobalSection(SolutionConfigurationPlatforms) = preSolution
		Debug|Any CPU = Debug|Any CPU
		Release|Any CPU = Release|Any CPU
	EndGlobalSection
	GlobalSection(ProjectConfigurationPlatforms) = postSolution
		{8E66D6F3-B48D-42B6-ADFB-AE89C6DEC4B4}.Debug|Any CPU.ActiveCfg = Debug|Any CPU
		{8E66D6F3-B48D-42B6-ADFB-AE89C6DEC4B4}.Debug|Any CPU.Build.0 = Debug|Any CPU
		{8E66D6F3-B48D-42B6-ADFB-AE89C6DEC4B4}.Release|Any CPU.ActiveCfg = Release|Any CPU
		{8E66D6F3-B48D-42B6-ADFB-AE89C6DEC4B4}.Release|Any CPU.Build.0 = Release|Any CPU
		{3B7F0997-47FF-498E-A5FE-FC7CEC26E76D}.Debug|Any CPU.ActiveCfg = Debug|Any CPU
		{3B7F0997-47FF-498E-A5FE-FC7CEC26E76D}.Debug|Any CPU.Build.0 = Debug|Any CPU
		{3B7F0997-47FF-498E-A5FE-FC7CEC26E76D}.Debug|Any CPU.Build.0 = Debug|Any CPU
		{3B7F0997-47FF-498E-A5FE-FC7CEC26E76D}.Release|Any CPU.ActiveCfg = Release|Any CPU
		{3B7F0997-47FF-498E-A5FE-FC7CEC26E76D}.Release|Any CPU.Build.0 = Release|Any CPU
		{8223C068-45FF-4961-A8B5-4426798C41E5}.Debug|Any CPU.ActiveCfg = Debug|Any CPU
		{8223C068-45FF-4961-A8B5-4426798C41E5}.Debug|Any CPU.Build.0 = Debug|Any CPU
		{8223C068-45FF-4961-A8B5-4426798C41E5}.Release|Any CPU.ActiveCfg = Release|Any CPU
		{8223C068-45FF-4961-A8B5-4426798C41E5}.Release|Any CPU.Build.0 = Release|Any CPU
		{28F647D6-B107-42DA-8C96-582DDDF8B8B2}.Debug|Any CPU.ActiveCfg = Debug|Any CPU
		{28F647D6-B107-42DA-8C96-582DDDF8B8B2}.Debug|Any CPU.Build.0 = Debug|Any CPU
		{28F647D6-B107-42DA-8C96-582DDDF8B8B2}.Release|Any CPU.ActiveCfg = Release|Any CPU
		{28F647D6-B107-42DA-8C96-582DDDF8B8B2}.Release|Any CPU.Build.0 = Release|Any CPU
		{73579D71-1FDA-4218-872C-9EC9D0FE196B}.Debug|Any CPU.ActiveCfg = Debug|Any CPU
		{73579D71-1FDA-4218-872C-9EC9D0FE196B}.Debug|Any CPU.Build.0 = Debug|Any CPU
		{73579D71-1FDA-4218-872C-9EC9D0FE196B}.Release|Any CPU.ActiveCfg = Release|Any CPU
		{73579D71-1FDA-4218-872C-9EC9D0FE196B}.Release|Any CPU.Build.0 = Release|Any CPU
		{485282EB-CB97-492B-BD96-D4731115EB85}.Debug|Any CPU.ActiveCfg = Debug|Any CPU
		{485282EB-CB97-492B-BD96-D4731115EB85}.Debug|Any CPU.Build.0 = Debug|Any CPU
		{485282EB-CB97-492B-BD96-D4731115EB85}.Release|Any CPU.ActiveCfg = Release|Any CPU
		{485282EB-CB97-492B-BD96-D4731115EB85}.Release|Any CPU.Build.0 = Release|Any CPU
		{9A9C7E01-D41C-4386-8379-7FE470274DC8}.Debug|Any CPU.ActiveCfg = Debug|Any CPU
		{9A9C7E01-D41C-4386-8379-7FE470274DC8}.Debug|Any CPU.Build.0 = Debug|Any CPU
		{9A9C7E01-D41C-4386-8379-7FE470274DC8}.Release|Any CPU.ActiveCfg = Release|Any CPU
		{9A9C7E01-D41C-4386-8379-7FE470274DC8}.Release|Any CPU.Build.0 = Release|Any CPU
		{7FDB6643-0C13-419A-9F28-93AC1E4E58DA}.Debug|Any CPU.ActiveCfg = Debug|Any CPU
		{7FDB6643-0C13-419A-9F28-93AC1E4E58DA}.Debug|Any CPU.Build.0 = Debug|Any CPU
		{7FDB6643-0C13-419A-9F28-93AC1E4E58DA}.Release|Any CPU.ActiveCfg = Release|Any CPU
		{7FDB6643-0C13-419A-9F28-93AC1E4E58DA}.Release|Any CPU.Build.0 = Release|Any CPU
	EndGlobalSection
	GlobalSection(NestedProjects) = preSolution
		{87614AEF-1E96-403C-847B-FC09BBA2B99D} = {1586D01A-3A03-4649-BD38-612CE23E578F}
		{C4FA3CB7-CA96-409B-B919-9C80409856E5} = {1586D01A-3A03-4649-BD38-612CE23E578F}
		{083490F1-DEE5-4669-8174-06590DA312DC} = {C4FA3CB7-CA96-409B-B919-9C80409856E5}
		{8E66D6F3-B48D-42B6-ADFB-AE89C6DEC4B4} = {083490F1-DEE5-4669-8174-06590DA312DC}
		{71F8B6F9-3AE7-4394-8442-DF158D5FF5EB} = {87614AEF-1E96-403C-847B-FC09BBA2B99D}
		{642078DD-62BC-41CB-9A61-7DDF2D038861} = {C4FA3CB7-CA96-409B-B919-9C80409856E5}
		{3B7F0997-47FF-498E-A5FE-FC7CEC26E76D} = {642078DD-62BC-41CB-9A61-7DDF2D038861}
		{8223C068-45FF-4961-A8B5-4426798C41E5} = {C4FA3CB7-CA96-409B-B919-9C80409856E5}
		{4CA6D901-96C7-4439-868E-D319DE35E665} = {C4FA3CB7-CA96-409B-B919-9C80409856E5}
		{73579D71-1FDA-4218-872C-9EC9D0FE196B} = {4CA6D901-96C7-4439-868E-D319DE35E665}
		{485282EB-CB97-492B-BD96-D4731115EB85} = {4CA6D901-96C7-4439-868E-D319DE35E665}
		{9A9C7E01-D41C-4386-8379-7FE470274DC8} = {4CA6D901-96C7-4439-868E-D319DE35E665}
		{7FDB6643-0C13-419A-9F28-93AC1E4E58DA} = {4CA6D901-96C7-4439-868E-D319DE35E665}
	EndGlobalSection
EndGlobal
